Microsoft Visual Studio Solution File, Format Version 11.00
# Visual Studio 2008

Project("{E8D48DAF-E036-3888-D5E5-BA6621AD044E}") = "capstone-td-dev", "Assembly-CSharp.csproj", "{6F3750B4-8F81-3325-1486-EFF9E245A559}"
EndProject
Global
	GlobalSection(SolutionConfigurationPlatforms) = preSolution
		Debug|Any CPU = Debug|Any CPU
		Release|Any CPU = Release|Any CPU
	EndGlobalSection
	GlobalSection(ProjectConfigurationPlatforms) = postSolution
		{6F3750B4-8F81-3325-1486-EFF9E245A559}.Debug|Any CPU.ActiveCfg = Debug|Any CPU
		{6F3750B4-8F81-3325-1486-EFF9E245A559}.Debug|Any CPU.Build.0 = Debug|Any CPU
		{6F3750B4-8F81-3325-1486-EFF9E245A559}.Release|Any CPU.ActiveCfg = Release|Any CPU
		{6F3750B4-8F81-3325-1486-EFF9E245A559}.Release|Any CPU.Build.0 = Release|Any CPU
	EndGlobalSection
	GlobalSection(SolutionProperties) = preSolution
		HideSolutionNode = FALSE
	EndGlobalSection
	GlobalSection(MonoDevelopProperties) = preSolution
		StartupItem = Assembly-CSharp.csproj
	EndGlobalSection
EndGlobal
